
Microsoft Visual Studio Solution File, Format Version 12.00
# Visual Studio 15
VisualStudioVersion = 15.0.27703.2047
MinimumVisualStudioVersion = 10.0.40219.1
Project("{FAE04EC0-301F-11D3-BF4B-00C04F79EFBC}") = "HW4-3", "HW4-3\HW4-3.csproj", "{76E459E6-863B-4F22-AF57-5C423767EA93}"
EndProject
Global
	GlobalSection(SolutionConfigurationPlatforms) = preSolution
		Debug|Any CPU = Debug|Any CPU
		Release|Any CPU = Release|Any CPU
	EndGlobalSection
	GlobalSection(ProjectConfigurationPlatforms) = postSolution
		{76E459E6-863B-4F22-AF57-5C423767EA93}.Debug|Any CPU.ActiveCfg = Debug|Any CPU
		{76E459E6-863B-4F22-AF57-5C423767EA93}.Debug|Any CPU.Build.0 = Debug|Any CPU
		{76E459E6-863B-4F22-AF57-5C423767EA93}.Release|Any CPU.ActiveCfg = Release|Any CPU
		{76E459E6-863B-4F22-AF57-5C423767EA93}.Release|Any CPU.Build.0 = Release|Any CPU
	EndGlobalSection
	GlobalSection(SolutionProperties) = preSolution
		HideSolutionNode = FALSE
	EndGlobalSection
	GlobalSection(ExtensibilityGlobals) = postSolution
		SolutionGuid = {C1A09578-5B70-4B01-95CE-4F56058C4C30}
	EndGlobalSection
EndGlobal
